
Microsoft Visual Studio Solution File, Format Version 11.00
# Visual Studio 2010
# SharpDevelop 4.4
Project("{FAE04EC0-301F-11D3-BF4B-00C04F79EFBC}") = "Detection of the contours of objects in the picture", "Detection of the contours of objects in the picture\Detection of the contours of objects in the picture.csproj", "{F369C629-FB6F-488B-9994-EEBFC27C8984}"
EndProject
Global
	GlobalSection(SolutionConfigurationPlatforms) = preSolution
		Debug|Any CPU = Debug|Any CPU
		Release|Any CPU = Release|Any CPU
	EndGlobalSection
	GlobalSection(ProjectConfigurationPlatforms) = postSolution
		{F369C629-FB6F-488B-9994-EEBFC27C8984}.Debug|Any CPU.Build.0 = Debug|Any CPU
		{F369C629-FB6F-488B-9994-EEBFC27C8984}.Debug|Any CPU.ActiveCfg = Debug|Any CPU
		{F369C629-FB6F-488B-9994-EEBFC27C8984}.Release|Any CPU.Build.0 = Release|Any CPU
		{F369C629-FB6F-488B-9994-EEBFC27C8984}.Release|Any CPU.ActiveCfg = Release|Any CPU
	EndGlobalSection
EndGlobal
